
Microsoft Visual Studio Solution File, Format Version 12.00
# Visual Studio Version 17
VisualStudioVersion = 17.9.34701.34
MinimumVisualStudioVersion = 10.0.40219.1
Project("{FAE04EC0-301F-11D3-BF4B-00C04F79EFBC}") = "RealRazorPagesMovie", "RealRazorPagesMovie.csproj", "{5AF2F857-6306-4E16-A65C-292DB57BB365}"
EndProject
Global
	GlobalSection(SolutionConfigurationPlatforms) = preSolution
		Debug|Any CPU = Debug|Any CPU
		Release|Any CPU = Release|Any CPU
	EndGlobalSection
	GlobalSection(ProjectConfigurationPlatforms) = postSolution
		{5AF2F857-6306-4E16-A65C-292DB57BB365}.Debug|Any CPU.ActiveCfg = Debug|Any CPU
		{5AF2F857-6306-4E16-A65C-292DB57BB365}.Debug|Any CPU.Build.0 = Debug|Any CPU
		{5AF2F857-6306-4E16-A65C-292DB57BB365}.Release|Any CPU.ActiveCfg = Release|Any CPU
		{5AF2F857-6306-4E16-A65C-292DB57BB365}.Release|Any CPU.Build.0 = Release|Any CPU
	EndGlobalSection
	GlobalSection(SolutionProperties) = preSolution
		HideSolutionNode = FALSE
	EndGlobalSection
	GlobalSection(ExtensibilityGlobals) = postSolution
		SolutionGuid = {9F102D53-3795-4C63-ACA8-E424DE433336}
	EndGlobalSection
EndGlobal
